
Microsoft Visual Studio Solution File, Format Version 12.00
# Visual Studio 14
VisualStudioVersion = 14.0.25420.1
MinimumVisualStudioVersion = 10.0.40219.1
Project("{2150E333-8FDC-42A3-9474-1A3956D46DE8}") = "UI", "UI", "{3254810D-6CE4-468D-A56B-F25034DE86C9}"
EndProject
Project("{2150E333-8FDC-42A3-9474-1A3956D46DE8}") = "BLL", "BLL", "{D113BD67-6033-4DCF-8092-DAB7CBC260F0}"
EndProject
Project("{2150E333-8FDC-42A3-9474-1A3956D46DE8}") = "DAL", "DAL", "{CB032E84-0C54-4206-BFD5-7F4B6461EF2A}"
EndProject
Project("{2150E333-8FDC-42A3-9474-1A3956D46DE8}") = "Model", "Model", "{73AAD1A9-DD19-4531-9889-B0E624954E48}"
EndProject
Project("{FAE04EC0-301F-11D3-BF4B-00C04F79EFBC}") = "BLL", "BLL\BLL.csproj", "{282741D4-2FB4-4B17-A328-04B4C6C3731B}"
EndProject
Project("{FAE04EC0-301F-11D3-BF4B-00C04F79EFBC}") = "IBLL", "IBLL\IBLL.csproj", "{6DEF8C98-C7B1-48C6-BB9A-99D6DF7AB0D5}"
EndProject
Project("{FAE04EC0-301F-11D3-BF4B-00C04F79EFBC}") = "BLLContainer", "BLLContainer\BLLContainer.csproj", "{50E7D135-A644-4B95-851C-8E11D0E46FCF}"
EndProject
Project("{FAE04EC0-301F-11D3-BF4B-00C04F79EFBC}") = "IDAL", "IDAL\IDAL.csproj", "{0C35388B-33C1-4334-B253-79882EFB4281}"
EndProject
Project("{FAE04EC0-301F-11D3-BF4B-00C04F79EFBC}") = "DALContainer", "DALContainer\DALContainer.csproj", "{EFF9FF07-09FF-4E5F-B41C-7C9A99A0F1EA}"
EndProject
Project("{FAE04EC0-301F-11D3-BF4B-00C04F79EFBC}") = "Model", "Model\Model.csproj", "{91E3B32C-D8E5-4402-AAD3-8DDD0495C00A}"
EndProject
Project("{FAE04EC0-301F-11D3-BF4B-00C04F79EFBC}") = "Tutor.UI", "Tutor.UI\Tutor.UI.csproj", "{CF1D6316-1896-4BAD-800A-E641E291BB25}"
EndProject
Project("{FAE04EC0-301F-11D3-BF4B-00C04F79EFBC}") = "DAL", "DAL\DAL.csproj", "{7A7DD988-9538-473E-9489-642BE72C87AB}"
EndProject
Global
	GlobalSection(SolutionConfigurationPlatforms) = preSolution
		Debug|Any CPU = Debug|Any CPU
		Release|Any CPU = Release|Any CPU
	EndGlobalSection
	GlobalSection(ProjectConfigurationPlatforms) = postSolution
		{282741D4-2FB4-4B17-A328-04B4C6C3731B}.Debug|Any CPU.ActiveCfg = Debug|Any CPU
		{282741D4-2FB4-4B17-A328-04B4C6C3731B}.Debug|Any CPU.Build.0 = Debug|Any CPU
		{282741D4-2FB4-4B17-A328-04B4C6C3731B}.Release|Any CPU.ActiveCfg = Release|Any CPU
		{282741D4-2FB4-4B17-A328-04B4C6C3731B}.Release|Any CPU.Build.0 = Release|Any CPU
		{6DEF8C98-C7B1-48C6-BB9A-99D6DF7AB0D5}.Debug|Any CPU.ActiveCfg = Debug|Any CPU
		{6DEF8C98-C7B1-48C6-BB9A-99D6DF7AB0D5}.Debug|Any CPU.Build.0 = Debug|Any CPU
		{6DEF8C98-C7B1-48C6-BB9A-99D6DF7AB0D5}.Release|Any CPU.ActiveCfg = Release|Any CPU
		{6DEF8C98-C7B1-48C6-BB9A-99D6DF7AB0D5}.Release|Any CPU.Build.0 = Release|Any CPU
		{50E7D135-A644-4B95-851C-8E11D0E46FCF}.Debug|Any CPU.ActiveCfg = Debug|Any CPU
		{50E7D135-A644-4B95-851C-8E11D0E46FCF}.Debug|Any CPU.Build.0 = Debug|Any CPU
		{50E7D135-A644-4B95-851C-8E11D0E46FCF}.Release|Any CPU.ActiveCfg = Release|Any CPU
		{50E7D135-A644-4B95-851C-8E11D0E46FCF}.Release|Any CPU.Build.0 = Release|Any CPU
		{0C35388B-33C1-4334-B253-79882EFB4281}.Debug|Any CPU.ActiveCfg = Debug|Any CPU
		{0C35388B-33C1-4334-B253-79882EFB4281}.Debug|Any CPU.Build.0 = Debug|Any CPU
		{0C35388B-33C1-4334-B253-79882EFB4281}.Release|Any CPU.ActiveCfg = Release|Any CPU
		{0C35388B-33C1-4334-B253-79882EFB4281}.Release|Any CPU.Build.0 = Release|Any CPU
		{EFF9FF07-09FF-4E5F-B41C-7C9A99A0F1EA}.Debug|Any CPU.ActiveCfg = Debug|Any CPU
		{EFF9FF07-09FF-4E5F-B41C-7C9A99A0F1EA}.Debug|Any CPU.Build.0 = Debug|Any CPU
		{EFF9FF07-09FF-4E5F-B41C-7C9A99A0F1EA}.Release|Any CPU.ActiveCfg = Release|Any CPU
		{EFF9FF07-09FF-4E5F-B41C-7C9A99A0F1EA}.Release|Any CPU.Build.0 = Release|Any CPU
		{91E3B32C-D8E5-4402-AAD3-8DDD0495C00A}.Debug|Any CPU.ActiveCfg = Debug|Any CPU
		{91E3B32C-D8E5-4402-AAD3-8DDD0495C00A}.Debug|Any CPU.Build.0 = Debug|Any CPU
		{91E3B32C-D8E5-4402-AAD3-8DDD0495C00A}.Release|Any CPU.ActiveCfg = Release|Any CPU
		{91E3B32C-D8E5-4402-AAD3-8DDD0495C00A}.Release|Any CPU.Build.0 = Release|Any CPU
		{CF1D6316-1896-4BAD-800A-E641E291BB25}.Debug|Any CPU.ActiveCfg = Debug|Any CPU
		{CF1D6316-1896-4BAD-800A-E641E291BB25}.Debug|Any CPU.Build.0 = Debug|Any CPU
		{CF1D6316-1896-4BAD-800A-E641E291BB25}.Release|Any CPU.ActiveCfg = Release|Any CPU
		{CF1D6316-1896-4BAD-800A-E641E291BB25}.Release|Any CPU.Build.0 = Release|Any CPU
		{7A7DD988-9538-473E-9489-642BE72C87AB}.Debug|Any CPU.ActiveCfg = Debug|Any CPU
		{7A7DD988-9538-473E-9489-642BE72C87AB}.Debug|Any CPU.Build.0 = Debug|Any CPU
		{7A7DD988-9538-473E-9489-642BE72C87AB}.Release|Any CPU.ActiveCfg = Release|Any CPU
		{7A7DD988-9538-473E-9489-642BE72C87AB}.Release|Any CPU.Build.0 = Release|Any CPU
	EndGlobalSection
	GlobalSection(SolutionProperties) = preSolution
		HideSolutionNode = FALSE
	EndGlobalSection
	GlobalSection(NestedProjects) = preSolution
		{282741D4-2FB4-4B17-A328-04B4C6C3731B} = {D113BD67-6033-4DCF-8092-DAB7CBC260F0}
		{6DEF8C98-C7B1-48C6-BB9A-99D6DF7AB0D5} = {D113BD67-6033-4DCF-8092-DAB7CBC260F0}
		{50E7D135-A644-4B95-851C-8E11D0E46FCF} = {D113BD67-6033-4DCF-8092-DAB7CBC260F0}
		{0C35388B-33C1-4334-B253-79882EFB4281} = {CB032E84-0C54-4206-BFD5-7F4B6461EF2A}
		{EFF9FF07-09FF-4E5F-B41C-7C9A99A0F1EA} = {CB032E84-0C54-4206-BFD5-7F4B6461EF2A}
		{91E3B32C-D8E5-4402-AAD3-8DDD0495C00A} = {73AAD1A9-DD19-4531-9889-B0E624954E48}
		{CF1D6316-1896-4BAD-800A-E641E291BB25} = {3254810D-6CE4-468D-A56B-F25034DE86C9}
		{7A7DD988-9538-473E-9489-642BE72C87AB} = {CB032E84-0C54-4206-BFD5-7F4B6461EF2A}
	EndGlobalSection
EndGlobal
